// !$*UTF8*$!
{
	archiveVersion = 1;
	classes = {
	};
	objectVersion = 50;
	objects = {

/* Begin PBXBuildFile section */
		330E3BB323C494C6006D7477 /* AppDelegate.swift in Sources */ = {isa = PBXBuildFile; fileRef = 330E3BB223C494C6006D7477 /* AppDelegate.swift */; };
		330E3BB523C494C6006D7477 /* SceneDelegate.swift in Sources */ = {isa = PBXBuildFile; fileRef = 330E3BB423C494C6006D7477 /* SceneDelegate.swift */; };
		330E3BB723C494C6006D7477 /* ViewController.swift in Sources */ = {isa = PBXBuildFile; fileRef = 330E3BB623C494C6006D7477 /* ViewController.swift */; };
		330E3BBA23C494C6006D7477 /* Main.storyboard in Resources */ = {isa = PBXBuildFile; fileRef = 330E3BB823C494C6006D7477 /* Main.storyboard */; };
		330E3BBD23C494C6006D7477 /* TableviewCustomcellsPractice.xcdatamodeld in Sources */ = {isa = PBXBuildFile; fileRef = 330E3BBB23C494C6006D7477 /* TableviewCustomcellsPractice.xcdatamodeld */; };
		330E3BBF23C494C8006D7477 /* Assets.xcassets in Resources */ = {isa = PBXBuildFile; fileRef = 330E3BBE23C494C8006D7477 /* Assets.xcassets */; };
		330E3BC223C494C8006D7477 /* LaunchScreen.storyboard in Resources */ = {isa = PBXBuildFile; fileRef = 330E3BC023C494C8006D7477 /* LaunchScreen.storyboard */; };
		330E3BCD23C494C8006D7477 /* TableviewCustomcellsPracticeTests.swift in Sources */ = {isa = PBXBuildFile; fileRef = 330E3BCC23C494C8006D7477 /* TableviewCustomcellsPracticeTests.swift */; };
		330E3BD823C494C8006D7477 /* TableviewCustomcellsPracticeUITests.swift in Sources */ = {isa = PBXBuildFile; fileRef = 330E3BD723C494C8006D7477 /* TableviewCustomcellsPracticeUITests.swift */; };
		3350B6B323C5AA5100663F2D /* CelebritiesTableViewCell.swift in Sources */ = {isa = PBXBuildFile; fileRef = 3350B6B123C5AA5100663F2D /* CelebritiesTableViewCell.swift */; };
		3350B6B423C5AA5100663F2D /* CelebritiesTableViewCell.xib in Resources */ = {isa = PBXBuildFile; fileRef = 3350B6B223C5AA5100663F2D /* CelebritiesTableViewCell.xib */; };
/* End PBXBuildFile section */

/* Begin PBXContainerItemProxy section */
		330E3BC923C494C8006D7477 /* PBXContainerItemProxy */ = {
			isa = PBXContainerItemProxy;
			containerPortal = 330E3BA723C494C6006D7477 /* Project object */;
			proxyType = 1;
			remoteGlobalIDString = 330E3BAE23C494C6006D7477;
			remoteInfo = TableviewCustomcellsPractice;
		};
		330E3BD423C494C8006D7477 /* PBXContainerItemProxy */ = {
			isa = PBXContainerItemProxy;
			containerPortal = 330E3BA723C494C6006D7477 /* Project object */;
			proxyType = 1;
			remoteGlobalIDString = 330E3BAE23C494C6006D7477;
			remoteInfo = TableviewCustomcellsPractice;
		};
/* End PBXContainerItemProxy section */

/* Begin PBXFileReference section */
		330E3BAF23C494C6006D7477 /* TableviewCustomcellsPractice.app */ = {isa = PBXFileReference; explicitFileType = wrapper.application; includeInIndex = 0; path = TableviewCustomcellsPractice.app; sourceTree = BUILT_PRODUCTS_DIR; };
		330E3BB223C494C6006D7477 /* AppDelegate.swift */ = {isa = PBXFileReference; lastKnownFileType = sourcecode.swift; path = AppDelegate.swift; sourceTree = "<group>"; };
		330E3BB423C494C6006D7477 /* SceneDelegate.swift */ = {isa = PBXFileReference; lastKnownFileType = sourcecode.swift; path = SceneDelegate.swift; sourceTree = "<group>"; };
		330E3BB623C494C6006D7477 /* ViewController.swift */ = {isa = PBXFileReference; lastKnownFileType = sourcecode.swift; path = ViewController.swift; sourceTree = "<group>"; };
		330E3BB923C494C6006D7477 /* Base */ = {isa = PBXFileReference; lastKnownFileType = file.storyboard; name = Base; path = Base.lproj/Main.storyboard; sourceTree = "<group>"; };
		330E3BBC23C494C6006D7477 /* TableviewCustomcellsPractice.xcdatamodel */ = {isa = PBXFileReference; lastKnownFileType = wrapper.xcdatamodel; path = TableviewCustomcellsPractice.xcdatamodel; sourceTree = "<group>"; };
		330E3BBE23C494C8006D7477 /* Assets.xcassets */ = {isa = PBXFileReference; lastKnownFileType = folder.assetcatalog; path = Assets.xcassets; sourceTree = "<group>"; };
		330E3BC123C494C8006D7477 /* Base */ = {isa = PBXFileReference; lastKnownFileType = file.storyboard; name = Base; path = Base.lproj/LaunchScreen.storyboard; sourceTree = "<group>"; };
		330E3BC323C494C8006D7477 /* Info.plist */ = {isa = PBXFileReference; lastKnownFileType = text.plist.xml; path = Info.plist; sourceTree = "<group>"; };
		330E3BC823C494C8006D7477 /* TableviewCustomcellsPracticeTests.xctest */ = {isa = PBXFileReference; explicitFileType = wrapper.cfbundle; includeInIndex = 0; path = TableviewCustomcellsPracticeTests.xctest; sourceTree = BUILT_PRODUCTS_DIR; };
		330E3BCC23C494C8006D7477 /* TableviewCustomcellsPracticeTests.swift */ = {isa = PBXFileReference; lastKnownFileType = sourcecode.swift; path = TableviewCustomcellsPracticeTests.swift; sourceTree = "<group>"; };
		330E3BCE23C494C8006D7477 /* Info.plist */ = {isa = PBXFileReference; lastKnownFileType = text.plist.xml; path = Info.plist; sourceTree = "<group>"; };
		330E3BD323C494C8006D7477 /* TableviewCustomcellsPracticeUITests.xctest */ = {isa = PBXFileReference; explicitFileType = wrapper.cfbundle; includeInIndex = 0; path = TableviewCustomcellsPracticeUITests.xctest; sourceTree = BUILT_PRODUCTS_DIR; };
		330E3BD723C494C8006D7477 /* TableviewCustomcellsPracticeUITests.swift */ = {isa = PBXFileReference; lastKnownFileType = sourcecode.swift; path = TableviewCustomcellsPracticeUITests.swift; sourceTree = "<group>"; };
		330E3BD923C494C8006D7477 /* Info.plist */ = {isa = PBXFileReference; lastKnownFileType = text.plist.xml; path = Info.plist; sourceTree = "<group>"; };
		3350B6B123C5AA5100663F2D /* CelebritiesTableViewCell.swift */ = {isa = PBXFileReference; lastKnownFileType = sourcecode.swift; path = CelebritiesTableViewCell.swift; sourceTree = "<group>"; };
		3350B6B223C5AA5100663F2D /* CelebritiesTableViewCell.xib */ = {isa = PBXFileReference; lastKnownFileType = file.xib; path = CelebritiesTableViewCell.xib; sourceTree = "<group>"; };
/* End PBXFileReference section */

/* Begin PBXFrameworksBuildPhase section */
		330E3BAC23C494C6006D7477 /* Frameworks */ = {
			isa = PBXFrameworksBuildPhase;
			buildActionMask = 2147483647;
			files = (
			);
			runOnlyForDeploymentPostprocessing = 0;
		};
		330E3BC523C494C8006D7477 /* Frameworks */ = {
			isa = PBXFrameworksBuildPhase;
			buildActionMask = 2147483647;
			files = (
			);
			runOnlyForDeploymentPostprocessing = 0;
		};
		330E3BD023C494C8006D7477 /* Frameworks */ = {
			isa = PBXFrameworksBuildPhase;
			buildActionMask = 2147483647;
			files = (
			);
			runOnlyForDeploymentPostprocessing = 0;
		};
/* End PBXFrameworksBuildPhase section */

/* Begin PBXGroup section */
		330E3BA623C494C6006D7477 = {
			isa = PBXGroup;
			children = (
				330E3BB123C494C6006D7477 /* TableviewCustomcellsPractice */,
				330E3BCB23C494C8006D7477 /* TableviewCustomcellsPracticeTests */,
				330E3BD623C494C8006D7477 /* TableviewCustomcellsPracticeUITests */,
				330E3BB023C494C6006D7477 /* Products */,
			);
			sourceTree = "<group>";
		};
		330E3BB023C494C6006D7477 /* Products */ = {
			isa = PBXGroup;
			children = (
				330E3BAF23C494C6006D7477 /* TableviewCustomcellsPractice.app */,
				330E3BC823C494C8006D7477 /* TableviewCustomcellsPracticeTests.xctest */,
				330E3BD323C494C8006D7477 /* TableviewCustomcellsPracticeUITests.xctest */,
			);
			name = Products;
			sourceTree = "<group>";
		};
		330E3BB123C494C6006D7477 /* TableviewCustomcellsPractice */ = {
			isa = PBXGroup;
			children = (
				330E3BB223C494C6006D7477 /* AppDelegate.swift */,
				330E3BB423C494C6006D7477 /* SceneDelegate.swift */,
				330E3BB623C494C6006D7477 /* ViewController.swift */,
				330E3BB823C494C6006D7477 /* Main.storyboard */,
				330E3BBE23C494C8006D7477 /* Assets.xcassets */,
				330E3BC023C494C8006D7477 /* LaunchScreen.storyboard */,
				330E3BC323C494C8006D7477 /* Info.plist */,
				330E3BBB23C494C6006D7477 /* TableviewCustomcellsPractice.xcdatamodeld */,
				3350B6B123C5AA5100663F2D /* CelebritiesTableViewCell.swift */,
				3350B6B223C5AA5100663F2D /* CelebritiesTableViewCell.xib */,
			);
			path = TableviewCustomcellsPractice;
			sourceTree = "<group>";
		};
		330E3BCB23C494C8006D7477 /* TableviewCustomcellsPracticeTests */ = {
			isa = PBXGroup;
			children = (
				330E3BCC23C494C8006D7477 /* TableviewCustomcellsPracticeTests.swift */,
				330E3BCE23C494C8006D7477 /* Info.plist */,
			);
			path = TableviewCustomcellsPracticeTests;
			sourceTree = "<group>";
		};
		330E3BD623C494C8006D7477 /* TableviewCustomcellsPracticeUITests */ = {
			isa = PBXGroup;
			children = (
				330E3BD723C494C8006D7477 /* TableviewCustomcellsPracticeUITests.swift */,
				330E3BD923C494C8006D7477 /* Info.plist */,
			);
			path = TableviewCustomcellsPracticeUITests;
			sourceTree = "<group>";
		};
/* End PBXGroup section */

/* Begin PBXNativeTarget section */
		330E3BAE23C494C6006D7477 /* TableviewCustomcellsPractice */ = {
			isa = PBXNativeTarget;
			buildConfigurationList = 330E3BDC23C494C8006D7477 /* Build configuration list for PBXNativeTarget "TableviewCustomcellsPractice" */;
			buildPhases = (
				330E3BAB23C494C6006D7477 /* Sources */,
				330E3BAC23C494C6006D7477 /* Frameworks */,
				330E3BAD23C494C6006D7477 /* Resources */,
			);
			buildRules = (
			);
			dependencies = (
			);
			name = TableviewCustomcellsPractice;
			productName = TableviewCustomcellsPractice;
			productReference = 330E3BAF23C494C6006D7477 /* TableviewCustomcellsPractice.app */;
			productType = "com.apple.product-type.application";
		};
		330E3BC723C494C8006D7477 /* TableviewCustomcellsPracticeTests */ = {
			isa = PBXNativeTarget;
			buildConfigurationList = 330E3BDF23C494C8006D7477 /* Build configuration list for PBXNativeTarget "TableviewCustomcellsPracticeTests" */;
			buildPhases = (
				330E3BC423C494C8006D7477 /* Sources */,
				330E3BC523C494C8006D7477 /* Frameworks */,
				330E3BC623C494C8006D7477 /* Resources */,
			);
			buildRules = (
			);
			dependencies = (
				330E3BCA23C494C8006D7477 /* PBXTargetDependency */,
			);
			name = TableviewCustomcellsPracticeTests;
			productName = TableviewCustomcellsPracticeTests;
			productReference = 330E3BC823C494C8006D7477 /* TableviewCustomcellsPracticeTests.xctest */;
			productType = "com.apple.product-type.bundle.unit-test";
		};
		330E3BD223C494C8006D7477 /* TableviewCustomcellsPracticeUITests */ = {
			isa = PBXNativeTarget;
			buildConfigurationList = 330E3BE223C494C8006D7477 /* Build configuration list for PBXNativeTarget "TableviewCustomcellsPracticeUITests" */;
			buildPhases = (
				330E3BCF23C494C8006D7477 /* Sources */,
				330E3BD023C494C8006D7477 /* Frameworks */,
				330E3BD123C494C8006D7477 /* Resources */,
			);
			buildRules = (
			);
			dependencies = (
				330E3BD523C494C8006D7477 /* PBXTargetDependency */,
			);
			name = TableviewCustomcellsPracticeUITests;
			productName = TableviewCustomcellsPracticeUITests;
			productReference = 330E3BD323C494C8006D7477 /* TableviewCustomcellsPracticeUITests.xctest */;
			productType = "com.apple.product-type.bundle.ui-testing";
		};
/* End PBXNativeTarget section */

/* Begin PBXProject section */
		330E3BA723C494C6006D7477 /* Project object */ = {
			isa = PBXProject;
			attributes = {
				LastSwiftUpdateCheck = 1110;
				LastUpgradeCheck = 1110;
				ORGANIZATIONNAME = "Marni Anuradha";
				TargetAttributes = {
					330E3BAE23C494C6006D7477 = {
						CreatedOnToolsVersion = 11.1;
					};
					330E3BC723C494C8006D7477 = {
						CreatedOnToolsVersion = 11.1;
						TestTargetID = 330E3BAE23C494C6006D7477;
					};
					330E3BD223C494C8006D7477 = {
						CreatedOnToolsVersion = 11.1;
						TestTargetID = 330E3BAE23C494C6006D7477;
					};
				};
			};
			buildConfigurationList = 330E3BAA23C494C6006D7477 /* Build configuration list for PBXProject "TableviewCustomcellsPractice" */;
			compatibilityVersion = "Xcode 9.3";
			developmentRegion = en;
			hasScannedForEncodings = 0;
			knownRegions = (
				en,
				Base,
			);
			mainGroup = 330E3BA623C494C6006D7477;
			productRefGroup = 330E3BB023C494C6006D7477 /* Products */;
			projectDirPath = "";
			projectRoot = "";
			targets = (
				330E3BAE23C494C6006D7477 /* TableviewCustomcellsPractice */,
				330E3BC723C494C8006D7477 /* TableviewCustomcellsPracticeTests */,
				330E3BD223C494C8006D7477 /* TableviewCustomcellsPracticeUITests */,
			);
		};
/* End PBXProject section */

/* Begin PBXResourcesBuildPhase section */
		330E3BAD23C494C6006D7477 /* Resources */ = {
			isa = PBXResourcesBuildPhase;
			buildActionMask = 2147483647;
			files = (
				330E3BC223C494C8006D7477 /* LaunchScreen.storyboard in Resources */,
				330E3BBF23C494C8006D7477 /* Assets.xcassets in Resources */,
				330E3BBA23C494C6006D7477 /* Main.storyboard in Resources */,
				3350B6B423C5AA5100663F2D /* CelebritiesTableViewCell.xib in Resources */,
			);
			runOnlyForDeploymentPostprocessing = 0;
		};
		330E3BC623C494C8006D7477 /* Resources */ = {
			isa = PBXResourcesBuildPhase;
			buildActionMask = 2147483647;
			files = (
			);
			runOnlyForDeploymentPostprocessing = 0;
		};
		330E3BD123C494C8006D7477 /* Resources */ = {
			isa = PBXResourcesBuildPhase;
			buildActionMask = 2147483647;
			files = (
			);
			runOnlyForDeploymentPostprocessing = 0;
		};
/* End PBXResourcesBuildPhase section */

/* Begin PBXSourcesBuildPhase section */
		330E3BAB23C494C6006D7477 /* Sources */ = {
			isa = PBXSourcesBuildPhase;
			buildActionMask = 2147483647;
			files = (
				330E3BB723C494C6006D7477 /* ViewController.swift in Sources */,
				3350B6B323C5AA5100663F2D /* CelebritiesTableViewCell.swift in Sources */,
				330E3BBD23C494C6006D7477 /* TableviewCustomcellsPractice.xcdatamodeld in Sources */,
				330E3BB323C494C6006D7477 /* AppDelegate.swift in Sources */,
				330E3BB523C494C6006D7477 /* SceneDelegate.swift in Sources */,
			);
			runOnlyForDeploymentPostprocessing = 0;
		};
		330E3BC423C494C8006D7477 /* Sources */ = {
			isa = PBXSourcesBuildPhase;
			buildActionMask = 2147483647;
			files = (
				330E3BCD23C494C8006D7477 /* TableviewCustomcellsPracticeTests.swift in Sources */,
			);
			runOnlyForDeploymentPostprocessing = 0;
		};
		330E3BCF23C494C8006D7477 /* Sources */ = {
			isa = PBXSourcesBuildPhase;
			buildActionMask = 2147483647;
			files = (
				330E3BD823C494C8006D7477 /* TableviewCustomcellsPracticeUITests.swift in Sources */,
			);
			runOnlyForDeploymentPostprocessing = 0;
		};
/* End PBXSourcesBuildPhase section */

/* Begin PBXTargetDependency section */
		330E3BCA23C494C8006D7477 /* PBXTargetDependency */ = {
			isa = PBXTargetDependency;
			target = 330E3BAE23C494C6006D7477 /* TableviewCustomcellsPractice */;
			targetProxy = 330E3BC923C494C8006D7477 /* PBXContainerItemProxy */;
		};
		330E3BD523C494C8006D7477 /* PBXTargetDependency */ = {
			isa = PBXTargetDependency;
			target = 330E3BAE23C494C6006D7477 /* TableviewCustomcellsPractice */;
			targetProxy = 330E3BD423C494C8006D7477 /* PBXContainerItemProxy */;
		};
/* End PBXTargetDependency section */

/* Begin PBXVariantGroup section */
		330E3BB823C494C6006D7477 /* Main.storyboard */ = {
			isa = PBXVariantGroup;
			children = (
				330E3BB923C494C6006D7477 /* Base */,
			);
			name = Main.storyboard;
			sourceTree = "<group>";
		};
		330E3BC023C494C8006D7477 /* LaunchScreen.storyboard */ = {
			isa = PBXVariantGroup;
			children = (
				330E3BC123C494C8006D7477 /* Base */,
			);
			name = LaunchScreen.storyboard;
			sourceTree = "<group>";
		};
/* End PBXVariantGroup section */

/* Begin XCBuildConfiguration section */
		330E3BDA23C494C8006D7477 /* Debug */ = {
			isa = XCBuildConfiguration;
			buildSettings = {
				ALWAYS_SEARCH_USER_PATHS = NO;
				CLANG_ANALYZER_NONNULL = YES;
				CLANG_ANALYZER_NUMBER_OBJECT_CONVERSION = YES_AGGRESSIVE;
				CLANG_CXX_LANGUAGE_STANDARD = "gnu++14";
				CLANG_CXX_LIBRARY = "libc++";
				CLANG_ENABLE_MODULES = YES;
				CLANG_ENABLE_OBJC_ARC = YES;
				CLANG_ENABLE_OBJC_WEAK = YES;
				CLANG_WARN_BLOCK_CAPTURE_AUTORELEASING = YES;
				CLANG_WARN_BOOL_CONVERSION = YES;
				CLANG_WARN_COMMA = YES;
				CLANG_WARN_CONSTANT_CONVERSION = YES;
				CLANG_WARN_DEPRECATED_OBJC_IMPLEMENTATIONS = YES;
				CLANG_WARN_DIRECT_OBJC_ISA_USAGE = YES_ERROR;
				CLANG_WARN_DOCUMENTATION_COMMENTS = YES;
				CLANG_WARN_EMPTY_BODY = YES;
				CLANG_WARN_ENUM_CONVERSION = YES;
				CLANG_WARN_INFINITE_RECURSION = YES;
				CLANG_WARN_INT_CONVERSION = YES;
				CLANG_WARN_NON_LITERAL_NULL_CONVERSION = YES;
				CLANG_WARN_OBJC_IMPLICIT_RETAIN_SELF = YES;
				CLANG_WARN_OBJC_LITERAL_CONVERSION = YES;
				CLANG_WARN_OBJC_ROOT_CLASS = YES_ERROR;
				CLANG_WARN_RANGE_LOOP_ANALYSIS = YES;
				CLANG_WARN_STRICT_PROTOTYPES = YES;
				CLANG_WARN_SUSPICIOUS_MOVE = YES;
				CLANG_WARN_UNGUARDED_AVAILABILITY = YES_AGGRESSIVE;
				CLANG_WARN_UNREACHABLE_CODE = YES;
				CLANG_WARN__DUPLICATE_METHOD_MATCH = YES;
				COPY_PHASE_STRIP = NO;
				DEBUG_INFORMATION_FORMAT = dwarf;
				ENABLE_STRICT_OBJC_MSGSEND = YES;
				ENABLE_TESTABILITY = YES;
				GCC_C_LANGUAGE_STANDARD = gnu11;
				GCC_DYNAMIC_NO_PIC = NO;
				GCC_NO_COMMON_BLOCKS = YES;
				GCC_OPTIMIZATION_LEVEL = 0;
				GCC_PREPROCESSOR_DEFINITIONS = (
					"DEBUG=1",
					"$(inherited)",
				);
				GCC_WARN_64_TO_32_BIT_CONVERSION = YES;
				GCC_WARN_ABOUT_RETURN_TYPE = YES_ERROR;
				GCC_WARN_UNDECLARED_SELECTOR = YES;
				GCC_WARN_UNINITIALIZED_AUTOS = YES_AGGRESSIVE;
				GCC_WARN_UNUSED_FUNCTION = YES;
				GCC_WARN_UNUSED_VARIABLE = YES;
				IPHONEOS_DEPLOYMENT_TARGET = 13.1;
				MTL_ENABLE_DEBUG_INFO = INCLUDE_SOURCE;
				MTL_FAST_MATH = YES;
				ONLY_ACTIVE_ARCH = YES;
				SDKROOT = iphoneos;
				SWIFT_ACTIVE_COMPILATION_CONDITIONS = DEBUG;
				SWIFT_OPTIMIZATION_LEVEL = "-Onone";
			};
			name = Debug;
		};
		330E3BDB23C494C8006D7477 /* Release */ = {
			isa = XCBuildConfiguration;
			buildSettings = {
				ALWAYS_SEARCH_USER_PATHS = NO;
				CLANG_ANALYZER_NONNULL = YES;
				CLANG_ANALYZER_NUMBER_OBJECT_CONVERSION = YES_AGGRESSIVE;
				CLANG_CXX_LANGUAGE_STANDARD = "gnu++14";
				CLANG_CXX_LIBRARY = "libc++";
				CLANG_ENABLE_MODULES = YES;
				CLANG_ENABLE_OBJC_ARC = YES;
				CLANG_ENABLE_OBJC_WEAK = YES;
				CLANG_WARN_BLOCK_CAPTURE_AUTORELEASING = YES;
				CLANG_WARN_BOOL_CONVERSION = YES;
				CLANG_WARN_COMMA = YES;
				CLANG_WARN_CONSTANT_CONVERSION = YES;
				CLANG_WARN_DEPRECATED_OBJC_IMPLEMENTATIONS = YES;
				CLANG_WARN_DIRECT_OBJC_ISA_USAGE = YES_ERROR;
				CLANG_WARN_DOCUMENTATION_COMMENTS = YES;
				CLANG_WARN_EMPTY_BODY = YES;
				CLANG_WARN_ENUM_CONVERSION = YES;
				CLANG_WARN_INFINITE_RECURSION = YES;
				CLANG_WARN_INT_CONVERSION = YES;
				CLANG_WARN_NON_LITERAL_NULL_CONVERSION = YES;
				CLANG_WARN_OBJC_IMPLICIT_RETAIN_SELF = YES;
				CLANG_WARN_OBJC_LITERAL_CONVERSION = YES;
				CLANG_WARN_OBJC_ROOT_CLASS = YES_ERROR;
				CLANG_WARN_RANGE_LOOP_ANALYSIS = YES;
				CLANG_WARN_STRICT_PROTOTYPES = YES;
				CLANG_WARN_SUSPICIOUS_MOVE = YES;
				CLANG_WARN_UNGUARDED_AVAILABILITY = YES_AGGRESSIVE;
				CLANG_WARN_UNREACHABLE_CODE = YES;
				CLANG_WARN__DUPLICATE_METHOD_MATCH = YES;
				COPY_PHASE_STRIP = NO;
				DEBUG_INFORMATION_FORMAT = "dwarf-with-dsym";
				ENABLE_NS_ASSERTIONS = NO;
				ENABLE_STRICT_OBJC_MSGSEND = YES;
				GCC_C_LANGUAGE_STANDARD = gnu11;
				GCC_NO_COMMON_BLOCKS = YES;
				GCC_WARN_64_TO_32_BIT_CONVERSION = YES;
				GCC_WARN_ABOUT_RETURN_TYPE = YES_ERROR;
				GCC_WARN_UNDECLARED_SELECTOR = YES;
				GCC_WARN_UNINITIALIZED_AUTOS = YES_AGGRESSIVE;
				GCC_WARN_UNUSED_FUNCTION = YES;
				GCC_WARN_UNUSED_VARIABLE = YES;
				IPHONEOS_DEPLOYMENT_TARGET = 13.1;
				MTL_ENABLE_DEBUG_INFO = NO;
				MTL_FAST_MATH = YES;
				SDKROOT = iphoneos;
				SWIFT_COMPILATION_MODE = wholemodule;
				SWIFT_OPTIMIZATION_LEVEL = "-O";
				VALIDATE_PRODUCT = YES;
			};
			name = Release;
		};
		330E3BDD23C494C8006D7477 /* Debug */ = {
			isa = XCBuildConfiguration;
			buildSettings = {
				ASSETCATALOG_COMPILER_APPICON_NAME = AppIcon;
				CODE_SIGN_STYLE = Automatic;
				INFOPLIST_FILE = TableviewCustomcellsPractice/Info.plist;
				LD_RUNPATH_SEARCH_PATHS = (
					"$(inherited)",
					"@executable_path/Frameworks",
				);
				PRODUCT_BUNDLE_IDENTIFIER = BRNInfotech.TableviewCustomcellsPractice;
				PRODUCT_NAME = "$(TARGET_NAME)";
				SWIFT_VERSION = 5.0;
				TARGETED_DEVICE_FAMILY = "1,2";
			};
			name = Debug;
		};
		330E3BDE23C494C8006D7477 /* Release */ = {
			isa = XCBuildConfiguration;
			buildSettings = {
				ASSETCATALOG_COMPILER_APPICON_NAME = AppIcon;
				CODE_SIGN_STYLE = Automatic;
				INFOPLIST_FILE = TableviewCustomcellsPractice/Info.plist;
				LD_RUNPATH_SEARCH_PATHS = (
					"$(inherited)",
					"@executable_path/Frameworks",
				);
				PRODUCT_BUNDLE_IDENTIFIER = BRNInfotech.TableviewCustomcellsPractice;
				PRODUCT_NAME = "$(TARGET_NAME)";
				SWIFT_VERSION = 5.0;
				TARGETED_DEVICE_FAMILY = "1,2";
			};
			name = Release;
		};
		330E3BE023C494C8006D7477 /* Debug */ = {
			isa = XCBuildConfiguration;
			buildSettings = {
				ALWAYS_EMBED_SWIFT_STANDARD_LIBRARIES = YES;
				BUNDLE_LOADER = "$(TEST_HOST)";
				CODE_SIGN_STYLE = Automatic;
				INFOPLIST_FILE = TableviewCustomcellsPracticeTests/Info.plist;
				IPHONEOS_DEPLOYMENT_TARGET = 13.1;
				LD_RUNPATH_SEARCH_PATHS = (
					"$(inherited)",
					"@executable_path/Frameworks",
					"@loader_path/Frameworks",
				);
				PRODUCT_BUNDLE_IDENTIFIER = BRNInfotech.TableviewCustomcellsPracticeTests;
				PRODUCT_NAME = "$(TARGET_NAME)";
				SWIFT_VERSION = 5.0;
				TARGETED_DEVICE_FAMILY = "1,2";
				TEST_HOST = "$(BUILT_PRODUCTS_DIR)/TableviewCustomcellsPractice.app/TableviewCustomcellsPractice";
			};
			name = Debug;
		};
		330E3BE123C494C8006D7477 /* Release */ = {
			isa = XCBuildConfiguration;
			buildSettings = {
				ALWAYS_EMBED_SWIFT_STANDARD_LIBRARIES = YES;
				BUNDLE_LOADER = "$(TEST_HOST)";
				CODE_SIGN_STYLE = Automatic;
				INFOPLIST_FILE = TableviewCustomcellsPracticeTests/Info.plist;
				IPHONEOS_DEPLOYMENT_TARGET = 13.1;
				LD_RUNPATH_SEARCH_PATHS = (
					"$(inherited)",
					"@executable_path/Frameworks",
					"@loader_path/Frameworks",
				);
				PRODUCT_BUNDLE_IDENTIFIER = BRNInfotech.TableviewCustomcellsPracticeTests;
				PRODUCT_NAME = "$(TARGET_NAME)";
				SWIFT_VERSION = 5.0;
				TARGETED_DEVICE_FAMILY = "1,2";
				TEST_HOST = "$(BUILT_PRODUCTS_DIR)/TableviewCustomcellsPractice.app/TableviewCustomcellsPractice";
			};
			name = Release;
		};
		330E3BE323C494C8006D7477 /* Debug */ = {
			isa = XCBuildConfiguration;
			buildSettings = {
				ALWAYS_EMBED_SWIFT_STANDARD_LIBRARIES = YES;
				CODE_SIGN_STYLE = Automatic;
				INFOPLIST_FILE = TableviewCustomcellsPracticeUITests/Info.plist;
				LD_RUNPATH_SEARCH_PATHS = (
					"$(inherited)",
					"@executable_path/Frameworks",
					"@loader_path/Frameworks",
				);
				PRODUCT_BUNDLE_IDENTIFIER = BRNInfotech.TableviewCustomcellsPracticeUITests;
				PRODUCT_NAME = "$(TARGET_NAME)";
				SWIFT_VERSION = 5.0;
				TARGETED_DEVICE_FAMILY = "1,2";
				TEST_TARGET_NAME = TableviewCustomcellsPractice;
			};
			name = Debug;
		};
		330E3BE423C494C8006D7477 /* Release */ = {
			isa = XCBuildConfiguration;
			buildSettings = {
				ALWAYS_EMBED_SWIFT_STANDARD_LIBRARIES = YES;
				CODE_SIGN_STYLE = Automatic;
				INFOPLIST_FILE = TableviewCustomcellsPracticeUITests/Info.plist;
				LD_RUNPATH_SEARCH_PATHS = (
					"$(inherited)",
					"@executable_path/Frameworks",
					"@loader_path/Frameworks",
				);
				PRODUCT_BUNDLE_IDENTIFIER = BRNInfotech.TableviewCustomcellsPracticeUITests;
				PRODUCT_NAME = "$(TARGET_NAME)";
				SWIFT_VERSION = 5.0;
				TARGETED_DEVICE_FAMILY = "1,2";
				TEST_TARGET_NAME = TableviewCustomcellsPractice;
			};
			name = Release;
		};
/* End XCBuildConfiguration section */

/* Begin XCConfigurationList section */
		330E3BAA23C494C6006D7477 /* Build configuration list for PBXProject "TableviewCustomcellsPractice" */ = {
			isa = XCConfigurationList;
			buildConfigurations = (
				330E3BDA23C494C8006D7477 /* Debug */,
				330E3BDB23C494C8006D7477 /* Release */,
			);
			defaultConfigurationIsVisible = 0;
			defaultConfigurationName = Release;
		};
		330E3BDC23C494C8006D7477 /* Build configuration list for PBXNativeTarget "TableviewCustomcellsPractice" */ = {
			isa = XCConfigurationList;
			buildConfigurations = (
				330E3BDD23C494C8006D7477 /* Debug */,
				330E3BDE23C494C8006D7477 /* Release */,
			);
			defaultConfigurationIsVisible = 0;
			defaultConfigurationName = Release;
		};
		330E3BDF23C494C8006D7477 /* Build configuration list for PBXNativeTarget "TableviewCustomcellsPracticeTests" */ = {
			isa = XCConfigurationList;
			buildConfigurations = (
				330E3BE023C494C8006D7477 /* Debug */,
				330E3BE123C494C8006D7477 /* Release */,
			);
			defaultConfigurationIsVisible = 0;
			defaultConfigurationName = Release;
		};
		330E3BE223C494C8006D7477 /* Build configuration list for PBXNativeTarget "TableviewCustomcellsPracticeUITests" */ = {
			isa = XCConfigurationList;
			buildConfigurations = (
				330E3BE323C494C8006D7477 /* Debug */,
				330E3BE423C494C8006D7477 /* Release */,
			);
			defaultConfigurationIsVisible = 0;
			defaultConfigurationName = Release;
		};
/* End XCConfigurationList section */

/* Begin XCVersionGroup section */
		330E3BBB23C494C6006D7477 /* TableviewCustomcellsPractice.xcdatamodeld */ = {
			isa = XCVersionGroup;
			children = (
				330E3BBC23C494C6006D7477 /* TableviewCustomcellsPractice.xcdatamodel */,
			);
			currentVersion = 330E3BBC23C494C6006D7477 /* TableviewCustomcellsPractice.xcdatamodel */;
			path = TableviewCustomcellsPractice.xcdatamodeld;
			sourceTree = "<group>";
			versionGroupType = wrapper.xcdatamodel;
		};
/* End XCVersionGroup section */
	};
	rootObject = 330E3BA723C494C6006D7477 /* Project object */;
}
